<?xml version="1.0" encoding="utf-8"?>
<Project ToolsVersion="4.0" xmlns="http://schemas.microsoft.com/developer/msbuild/2003">
  <ItemGroup>
    <Filter Include="源文件">
      <UniqueIdentifier>{4FC737F1-C7A5-4376-A066-2A32D752A2FF}</UniqueIdentifier>
      <Extensions>cpp;c;cc;cxx;def;odl;idl;hpj;bat;asm;asmx</Extensions>
    </Filter>
    <Filter Include="头文件">
      <UniqueIdentifier>{93995380-89BD-4b04-88EB-625FBE52EBFB}</UniqueIdentifier>
      <Extensions>h;hh;hpp;hxx;hm;inl;inc;xsd</Extensions>
    </Filter>
    <Filter Include="资源文件">
      <UniqueIdentifier>{67DA6AB6-F800-4c08-8B7A-83BB121AAD01}</UniqueIdentifier>
      <Extensions>rc;ico;cur;bmp;dlg;rc2;rct;bin;rgs;gif;jpg;jpeg;jpe;resx;tiff;tif;png;wav;mfcribbon-ms</Extensions>
    </Filter>
  </ItemGroup>
  <ItemGroup>
    <ClCompile Include="stack2_arrayBased.c">
      <Filter>源文件</Filter>
    </ClCompile>
    <ClCompile Include="stack2_arrayBased_OOP.cpp">
      <Filter>源文件</Filter>
    </ClCompile>
    <ClCompile Include="stack3_linkListBased.c">
      <Filter>源文件</Filter>
    </ClCompile>
    <ClCompile Include="stack4_stringReversal.cpp">
      <Filter>源文件</Filter>
    </ClCompile>
    <ClCompile Include="stack5_balancedParantheses.cpp">
      <Filter>源文件</Filter>
    </ClCompile>
    <ClCompile Include="stack7_postfixEvaluation.cpp">
      <Filter>源文件</Filter>
    </ClCompile>
    <ClCompile Include="stack8_infixToPostfix.cpp">
      <Filter>源文件</Filter>
    </ClCompile>
    <ClCompile Include="linkedList1_insertingAtBegining.c">
      <Filter>源文件</Filter>
    </ClCompile>
    <ClCompile Include="linkedList1_insertingAtBegining2.c">
      <Filter>源文件</Filter>
    </ClCompile>
    <ClCompile Include="linkedList1_insertingAtBegining3.c">
      <Filter>源文件</Filter>
    </ClCompile>
    <ClCompile Include="linkedList2_insertingAtNth.c">
      <Filter>源文件</Filter>
    </ClCompile>
    <ClCompile Include="linkedList3_deleteAtNth.c">
      <Filter>源文件</Filter>
    </ClCompile>
    <ClCompile Include="linkedList5_recursivelyPrint.c">
      <Filter>源文件</Filter>
    </ClCompile>
    <ClCompile Include="linkedList4_iterativelyReverse.c">
      <Filter>源文件</Filter>
    </ClCompile>
    <ClCompile Include="linkedList6_recursiveReverse.c">
      <Filter>源文件</Filter>
    </ClCompile>
    <ClCompile Include="linkedList7_doublyLinkedList.c">
      <Filter>源文件</Filter>
    </ClCompile>
  </ItemGroup>
</Project>